
Microsoft Visual Studio Solution File, Format Version 12.00
# Visual Studio Version 16
VisualStudioVersion = 16.0.29926.136
MinimumVisualStudioVersion = 10.0.40219.1
Project("{FAE04EC0-301F-11D3-BF4B-00C04F79EFBC}") = "Lab10", "Lab10\Lab10.csproj", "{BC1C543C-E171-42F9-9DFE-A0F6CEBA1B57}"
EndProject
Global
	GlobalSection(SolutionConfigurationPlatforms) = preSolution
		Debug|Any CPU = Debug|Any CPU
		Release|Any CPU = Release|Any CPU
	EndGlobalSection
	GlobalSection(ProjectConfigurationPlatforms) = postSolution
		{BC1C543C-E171-42F9-9DFE-A0F6CEBA1B57}.Debug|Any CPU.ActiveCfg = Debug|Any CPU
		{BC1C543C-E171-42F9-9DFE-A0F6CEBA1B57}.Debug|Any CPU.Build.0 = Debug|Any CPU
		{BC1C543C-E171-42F9-9DFE-A0F6CEBA1B57}.Release|Any CPU.ActiveCfg = Release|Any CPU
		{BC1C543C-E171-42F9-9DFE-A0F6CEBA1B57}.Release|Any CPU.Build.0 = Release|Any CPU
	EndGlobalSection
	GlobalSection(SolutionProperties) = preSolution
		HideSolutionNode = FALSE
	EndGlobalSection
	GlobalSection(ExtensibilityGlobals) = postSolution
		SolutionGuid = {4CE411B7-7277-45FB-A794-FA192E51AD9B}
	EndGlobalSection
EndGlobal
